
Microsoft Visual Studio Solution File, Format Version 10.00
# Visual Studio 2008
Project("{FAE04EC0-301F-11D3-BF4B-00C04F79EFBC}") = "MovieTickets.MVC.Demo.Database", "MovieTickets.MVC.Demo.Database\MovieTickets.MVC.Demo.Database.csproj", "{8E2438E1-70A6-41A2-881F-19127601EF17}"
EndProject
Project("{FAE04EC0-301F-11D3-BF4B-00C04F79EFBC}") = "MovieTickets.MVC.Demo.Web", "MovieTickets.MVC.Demo.Web\MovieTickets.MVC.Demo.Web.csproj", "{D49B0F83-8A3D-4AAA-B860-351A1FC525B4}"
EndProject
Global
	GlobalSection(SolutionConfigurationPlatforms) = preSolution
		Debug|Any CPU = Debug|Any CPU
		Release|Any CPU = Release|Any CPU
	EndGlobalSection
	GlobalSection(ProjectConfigurationPlatforms) = postSolution
		{8E2438E1-70A6-41A2-881F-19127601EF17}.Debug|Any CPU.ActiveCfg = Debug|Any CPU
		{8E2438E1-70A6-41A2-881F-19127601EF17}.Debug|Any CPU.Build.0 = Debug|Any CPU
		{8E2438E1-70A6-41A2-881F-19127601EF17}.Release|Any CPU.ActiveCfg = Release|Any CPU
		{8E2438E1-70A6-41A2-881F-19127601EF17}.Release|Any CPU.Build.0 = Release|Any CPU
		{D49B0F83-8A3D-4AAA-B860-351A1FC525B4}.Debug|Any CPU.ActiveCfg = Debug|Any CPU
		{D49B0F83-8A3D-4AAA-B860-351A1FC525B4}.Debug|Any CPU.Build.0 = Debug|Any CPU
		{D49B0F83-8A3D-4AAA-B860-351A1FC525B4}.Release|Any CPU.ActiveCfg = Release|Any CPU
		{D49B0F83-8A3D-4AAA-B860-351A1FC525B4}.Release|Any CPU.Build.0 = Release|Any CPU
	EndGlobalSection
	GlobalSection(SolutionProperties) = preSolution
		HideSolutionNode = FALSE
	EndGlobalSection
EndGlobal
